
Microsoft Visual Studio Solution File, Format Version 12.00
# Visual Studio Version 17
VisualStudioVersion = 17.4.33403.182
MinimumVisualStudioVersion = 10.0.40219.1
Project("{8BC9CEB8-8B4A-11D0-8D11-00A0C91BC942}") = "ROTracer", "ROTracer\ROTracer.vcxproj", "{27BB4130-6CDC-479F-9B4F-19D52721DEBE}"
EndProject
Global
	GlobalSection(SolutionConfigurationPlatforms) = preSolution
		Debug|x64 = Debug|x64
		Debug|x86 = Debug|x86
		Release|x64 = Release|x64
		Release|x86 = Release|x86
	EndGlobalSection
	GlobalSection(ProjectConfigurationPlatforms) = postSolution
		{27BB4130-6CDC-479F-9B4F-19D52721DEBE}.Debug|x64.ActiveCfg = Debug|x64
		{27BB4130-6CDC-479F-9B4F-19D52721DEBE}.Debug|x64.Build.0 = Debug|x64
		{27BB4130-6CDC-479F-9B4F-19D52721DEBE}.Debug|x86.ActiveCfg = Debug|Win32
		{27BB4130-6CDC-479F-9B4F-19D52721DEBE}.Debug|x86.Build.0 = Debug|Win32
		{27BB4130-6CDC-479F-9B4F-19D52721DEBE}.Release|x64.ActiveCfg = Release|x64
		{27BB4130-6CDC-479F-9B4F-19D52721DEBE}.Release|x64.Build.0 = Release|x64
		{27BB4130-6CDC-479F-9B4F-19D52721DEBE}.Release|x86.ActiveCfg = Release|Win32
		{27BB4130-6CDC-479F-9B4F-19D52721DEBE}.Release|x86.Build.0 = Release|Win32
	EndGlobalSection
	GlobalSection(SolutionProperties) = preSolution
		HideSolutionNode = FALSE
	EndGlobalSection
	GlobalSection(ExtensibilityGlobals) = postSolution
		SolutionGuid = {19D944CB-096F-416E-8781-94B8E47BF215}
	EndGlobalSection
EndGlobal
