
Microsoft Visual Studio Solution File, Format Version 12.00
# Visual Studio Version 17
VisualStudioVersion = 17.5.33414.496
MinimumVisualStudioVersion = 10.0.40219.1
Project("{FAE04EC0-301F-11D3-BF4B-00C04F79EFBC}") = "pingform", "pingform\pingform.csproj", "{3970138A-9DBD-49D8-8949-A1FA295CF8D2}"
EndProject
Global
	GlobalSection(SolutionConfigurationPlatforms) = preSolution
		Debug|Any CPU = Debug|Any CPU
		Release|Any CPU = Release|Any CPU
	EndGlobalSection
	GlobalSection(ProjectConfigurationPlatforms) = postSolution
		{3970138A-9DBD-49D8-8949-A1FA295CF8D2}.Debug|Any CPU.ActiveCfg = Debug|Any CPU
		{3970138A-9DBD-49D8-8949-A1FA295CF8D2}.Debug|Any CPU.Build.0 = Debug|Any CPU
		{3970138A-9DBD-49D8-8949-A1FA295CF8D2}.Release|Any CPU.ActiveCfg = Release|Any CPU
		{3970138A-9DBD-49D8-8949-A1FA295CF8D2}.Release|Any CPU.Build.0 = Release|Any CPU
	EndGlobalSection
	GlobalSection(SolutionProperties) = preSolution
		HideSolutionNode = FALSE
	EndGlobalSection
	GlobalSection(ExtensibilityGlobals) = postSolution
		SolutionGuid = {80DA8310-B1D0-4F8E-A789-4E6E4B532077}
	EndGlobalSection
EndGlobal
