
Microsoft Visual Studio Solution File, Format Version 12.00
# Visual Studio Version 17
VisualStudioVersion = 17.5.33414.496
MinimumVisualStudioVersion = 10.0.40219.1
Project("{FAE04EC0-301F-11D3-BF4B-00C04F79EFBC}") = "referances", "referances\referances.csproj", "{98D7BE06-8E8E-45F9-A5C7-482DB68F1F72}"
EndProject
Global
	GlobalSection(SolutionConfigurationPlatforms) = preSolution
		Debug|Any CPU = Debug|Any CPU
		Release|Any CPU = Release|Any CPU
	EndGlobalSection
	GlobalSection(ProjectConfigurationPlatforms) = postSolution
		{98D7BE06-8E8E-45F9-A5C7-482DB68F1F72}.Debug|Any CPU.ActiveCfg = Debug|Any CPU
		{98D7BE06-8E8E-45F9-A5C7-482DB68F1F72}.Debug|Any CPU.Build.0 = Debug|Any CPU
		{98D7BE06-8E8E-45F9-A5C7-482DB68F1F72}.Release|Any CPU.ActiveCfg = Release|Any CPU
		{98D7BE06-8E8E-45F9-A5C7-482DB68F1F72}.Release|Any CPU.Build.0 = Release|Any CPU
	EndGlobalSection
	GlobalSection(SolutionProperties) = preSolution
		HideSolutionNode = FALSE
	EndGlobalSection
	GlobalSection(ExtensibilityGlobals) = postSolution
		SolutionGuid = {DBA3D0B1-8CB6-415B-A2CC-DD648B9B6FA8}
	EndGlobalSection
EndGlobal
