
Microsoft Visual Studio Solution File, Format Version 12.00
# Visual Studio Version 17
VisualStudioVersion = 17.5.33414.496
MinimumVisualStudioVersion = 10.0.40219.1
Project("{FAE04EC0-301F-11D3-BF4B-00C04F79EFBC}") = "bant_genisligi", "bant_genisligi\bant_genisligi.csproj", "{8EA65EF8-7441-4108-862A-09DDD81DA896}"
EndProject
Global
	GlobalSection(SolutionConfigurationPlatforms) = preSolution
		Debug|Any CPU = Debug|Any CPU
		Release|Any CPU = Release|Any CPU
	EndGlobalSection
	GlobalSection(ProjectConfigurationPlatforms) = postSolution
		{8EA65EF8-7441-4108-862A-09DDD81DA896}.Debug|Any CPU.ActiveCfg = Debug|Any CPU
		{8EA65EF8-7441-4108-862A-09DDD81DA896}.Debug|Any CPU.Build.0 = Debug|Any CPU
		{8EA65EF8-7441-4108-862A-09DDD81DA896}.Release|Any CPU.ActiveCfg = Release|Any CPU
		{8EA65EF8-7441-4108-862A-09DDD81DA896}.Release|Any CPU.Build.0 = Release|Any CPU
	EndGlobalSection
	GlobalSection(SolutionProperties) = preSolution
		HideSolutionNode = FALSE
	EndGlobalSection
	GlobalSection(ExtensibilityGlobals) = postSolution
		SolutionGuid = {51E3E54C-25F8-4E19-BDB7-771B6412697B}
	EndGlobalSection
EndGlobal
