
Microsoft Visual Studio Solution File, Format Version 12.00
# Visual Studio Version 17
VisualStudioVersion = 17.5.33516.290
MinimumVisualStudioVersion = 10.0.40219.1
Project("{FAE04EC0-301F-11D3-BF4B-00C04F79EFBC}") = "mongodbdeneme", "mongodbdeneme\mongodbdeneme.csproj", "{AB44D749-30A3-4EA9-93F6-6119E6045ECB}"
EndProject
Global
	GlobalSection(SolutionConfigurationPlatforms) = preSolution
		Debug|Any CPU = Debug|Any CPU
		Release|Any CPU = Release|Any CPU
	EndGlobalSection
	GlobalSection(ProjectConfigurationPlatforms) = postSolution
		{AB44D749-30A3-4EA9-93F6-6119E6045ECB}.Debug|Any CPU.ActiveCfg = Debug|Any CPU
		{AB44D749-30A3-4EA9-93F6-6119E6045ECB}.Debug|Any CPU.Build.0 = Debug|Any CPU
		{AB44D749-30A3-4EA9-93F6-6119E6045ECB}.Release|Any CPU.ActiveCfg = Release|Any CPU
		{AB44D749-30A3-4EA9-93F6-6119E6045ECB}.Release|Any CPU.Build.0 = Release|Any CPU
	EndGlobalSection
	GlobalSection(SolutionProperties) = preSolution
		HideSolutionNode = FALSE
	EndGlobalSection
	GlobalSection(ExtensibilityGlobals) = postSolution
		SolutionGuid = {5ABB1F73-587C-4554-B9A8-9E18D75EB481}
	EndGlobalSection
EndGlobal
