
Microsoft Visual Studio Solution File, Format Version 12.00
# Visual Studio Version 17
VisualStudioVersion = 17.5.33414.496
MinimumVisualStudioVersion = 10.0.40219.1
Project("{FAE04EC0-301F-11D3-BF4B-00C04F79EFBC}") = "signal_ping", "signal_ping\signal_ping.csproj", "{DAA61496-2870-4B50-81F6-BD33BEF746E6}"
EndProject
Global
	GlobalSection(SolutionConfigurationPlatforms) = preSolution
		Debug|Any CPU = Debug|Any CPU
		Release|Any CPU = Release|Any CPU
	EndGlobalSection
	GlobalSection(ProjectConfigurationPlatforms) = postSolution
		{DAA61496-2870-4B50-81F6-BD33BEF746E6}.Debug|Any CPU.ActiveCfg = Debug|Any CPU
		{DAA61496-2870-4B50-81F6-BD33BEF746E6}.Debug|Any CPU.Build.0 = Debug|Any CPU
		{DAA61496-2870-4B50-81F6-BD33BEF746E6}.Release|Any CPU.ActiveCfg = Release|Any CPU
		{DAA61496-2870-4B50-81F6-BD33BEF746E6}.Release|Any CPU.Build.0 = Release|Any CPU
	EndGlobalSection
	GlobalSection(SolutionProperties) = preSolution
		HideSolutionNode = FALSE
	EndGlobalSection
	GlobalSection(ExtensibilityGlobals) = postSolution
		SolutionGuid = {4749444D-0A45-43E6-B2BE-D12662F71E15}
	EndGlobalSection
EndGlobal
