
Microsoft Visual Studio Solution File, Format Version 12.00
# Visual Studio Version 17
VisualStudioVersion = 17.5.33424.131
MinimumVisualStudioVersion = 10.0.40219.1
Project("{FAE04EC0-301F-11D3-BF4B-00C04F79EFBC}") = "upload_download", "upload_download\upload_download.csproj", "{6BCF2529-C7FB-4B76-BD57-83BFAF3B1430}"
EndProject
Global
	GlobalSection(SolutionConfigurationPlatforms) = preSolution
		Debug|Any CPU = Debug|Any CPU
		Release|Any CPU = Release|Any CPU
	EndGlobalSection
	GlobalSection(ProjectConfigurationPlatforms) = postSolution
		{6BCF2529-C7FB-4B76-BD57-83BFAF3B1430}.Debug|Any CPU.ActiveCfg = Debug|Any CPU
		{6BCF2529-C7FB-4B76-BD57-83BFAF3B1430}.Debug|Any CPU.Build.0 = Debug|Any CPU
		{6BCF2529-C7FB-4B76-BD57-83BFAF3B1430}.Release|Any CPU.ActiveCfg = Release|Any CPU
		{6BCF2529-C7FB-4B76-BD57-83BFAF3B1430}.Release|Any CPU.Build.0 = Release|Any CPU
	EndGlobalSection
	GlobalSection(SolutionProperties) = preSolution
		HideSolutionNode = FALSE
	EndGlobalSection
	GlobalSection(ExtensibilityGlobals) = postSolution
		SolutionGuid = {DFF4E29E-58BE-4E38-99D1-7B3B34011B8C}
	EndGlobalSection
EndGlobal
