
Microsoft Visual Studio Solution File, Format Version 12.00
# Visual Studio Version 17
VisualStudioVersion = 17.5.33424.131
MinimumVisualStudioVersion = 10.0.40219.1
Project("{FAE04EC0-301F-11D3-BF4B-00C04F79EFBC}") = "bantgenisligi", "bantgenisligi\bantgenisligi.csproj", "{E0E2AB95-EB7E-4FB2-9B42-3795B82E5463}"
EndProject
Global
	GlobalSection(SolutionConfigurationPlatforms) = preSolution
		Debug|Any CPU = Debug|Any CPU
		Release|Any CPU = Release|Any CPU
	EndGlobalSection
	GlobalSection(ProjectConfigurationPlatforms) = postSolution
		{E0E2AB95-EB7E-4FB2-9B42-3795B82E5463}.Debug|Any CPU.ActiveCfg = Debug|Any CPU
		{E0E2AB95-EB7E-4FB2-9B42-3795B82E5463}.Debug|Any CPU.Build.0 = Debug|Any CPU
		{E0E2AB95-EB7E-4FB2-9B42-3795B82E5463}.Release|Any CPU.ActiveCfg = Release|Any CPU
		{E0E2AB95-EB7E-4FB2-9B42-3795B82E5463}.Release|Any CPU.Build.0 = Release|Any CPU
	EndGlobalSection
	GlobalSection(SolutionProperties) = preSolution
		HideSolutionNode = FALSE
	EndGlobalSection
	GlobalSection(ExtensibilityGlobals) = postSolution
		SolutionGuid = {DCC1ADD7-1AE5-4307-9CC0-A968D0FBF5DA}
	EndGlobalSection
EndGlobal
